PODS:
  - Alamofire (4.5.0)
  - Cartography (1.1.0)
  - Nimble (7.0.1)
  - PromiseKit (4.2.2):
    - PromiseKit/Foundation (= 4.2.2)
    - PromiseKit/QuartzCore (= 4.2.2)
    - PromiseKit/UIKit (= 4.2.2)
  - PromiseKit/Alamofire (4.2.2):
    - Alamofire (~> 4.0)
    - PromiseKit/CorePromise
  - PromiseKit/CorePromise (4.2.2)
  - PromiseKit/Foundation (4.2.2):
    - PromiseKit/CorePromise
  - PromiseKit/QuartzCore (4.2.2):
    - PromiseKit/CorePromise
  - PromiseKit/UIKit (4.2.2):
    - PromiseKit/CorePromise
  - Quick (1.1.0)
  - R.swift (3.3.0):
    - R.swift.Library (~> 3.0.2)
  - R.swift.Library (3.0.2)
  - ReSwift (4.0.0)

DEPENDENCIES:
  - Alamofire (~> 4.4)
  - Cartography
  - Nimble
  - PromiseKit (~> 4.0)
  - PromiseKit/Alamofire (~> 4.0)
  - Quick
  - R.swift (~> 3.3)
  - ReSwift

SPEC CHECKSUMS:
  Alamofire: f28cdffd29de33a7bfa022cbd63ae95a27fae140
  Cartography: '0538ccb4044acbbda2266335fc58cb4228794d90'
  Nimble: 657d000e11df8aebe27cdaf9d244de7f30ed87f7
  PromiseKit: 00e8886881f151c7e573d06b437915b0bb2970ec
  Quick: dafc587e21eed9f4cab3249b9f9015b0b7a7f71d
  R.swift: bde9704d50ff36820f49e266bc88ef545e1e9b36
  R.swift.Library: fbdec16c9802ad104fc1ba53415dc190e6ec5c73
  ReSwift: f058ef13b46ae5f463f10605ccbbb7fb04424d8d

PODFILE CHECKSUM: 9d2cebff32836941542fc112036a67a4ad51b465

COCOAPODS: 1.2.1
